
Microsoft Visual Studio Solution File, Format Version 12.00
# Visual Studio Version 16
VisualStudioVersion = 16.0.29020.237
MinimumVisualStudioVersion = 10.0.40219.1
Project("{FAE04EC0-301F-11D3-BF4B-00C04F79EFBC}") = "LogViewer", "LogViewer.csproj", "{420D8BF1-D54D-4B02-949F-3F611EF65DF5}"
EndProject
Global
	GlobalSection(SolutionConfigurationPlatforms) = preSolution
		Debug|Any CPU = Debug|Any CPU
		Release|Any CPU = Release|Any CPU
	EndGlobalSection
	GlobalSection(ProjectConfigurationPlatforms) = postSolution
		{420D8BF1-D54D-4B02-949F-3F611EF65DF5}.Debug|Any CPU.ActiveCfg = Debug|Any CPU
		{420D8BF1-D54D-4B02-949F-3F611EF65DF5}.Debug|Any CPU.Build.0 = Debug|Any CPU
		{420D8BF1-D54D-4B02-949F-3F611EF65DF5}.Release|Any CPU.ActiveCfg = Release|Any CPU
		{420D8BF1-D54D-4B02-949F-3F611EF65DF5}.Release|Any CPU.Build.0 = Release|Any CPU
	EndGlobalSection
	GlobalSection(SolutionProperties) = preSolution
		HideSolutionNode = FALSE
	EndGlobalSection
	GlobalSection(ExtensibilityGlobals) = postSolution
		SolutionGuid = {72BFC2DB-1648-4B7F-8744-B9636A70797C}
	EndGlobalSection
EndGlobal
